
Microsoft Visual Studio Solution File, Format Version 11.00
# Visual Studio 2010
Project("{FAE04EC0-301F-11D3-BF4B-00C04F79EFBC}") = "Sorts", "Sorts\Sorts.csproj", "{BE9FD754-82B1-4ECD-B40D-F2480A05C528}"
EndProject
Project("{FAE04EC0-301F-11D3-BF4B-00C04F79EFBC}") = "CheckSession", "CheckSession\CheckSession.csproj", "{00B085A3-8424-4BC5-8DE4-49E3C375453C}"
EndProject
Global
	GlobalSection(SolutionConfigurationPlatforms) = preSolution
		Debug|Any CPU = Debug|Any CPU
		Debug|Mixed Platforms = Debug|Mixed Platforms
		Debug|x86 = Debug|x86
		Release|Any CPU = Release|Any CPU
		Release|Mixed Platforms = Release|Mixed Platforms
		Release|x86 = Release|x86
	EndGlobalSection
	GlobalSection(ProjectConfigurationPlatforms) = postSolution
		{BE9FD754-82B1-4ECD-B40D-F2480A05C528}.Debug|Any CPU.ActiveCfg = Debug|x86
		{BE9FD754-82B1-4ECD-B40D-F2480A05C528}.Debug|Mixed Platforms.ActiveCfg = Debug|x86
		{BE9FD754-82B1-4ECD-B40D-F2480A05C528}.Debug|Mixed Platforms.Build.0 = Debug|x86
		{BE9FD754-82B1-4ECD-B40D-F2480A05C528}.Debug|x86.ActiveCfg = Debug|x86
		{BE9FD754-82B1-4ECD-B40D-F2480A05C528}.Debug|x86.Build.0 = Debug|x86
		{BE9FD754-82B1-4ECD-B40D-F2480A05C528}.Release|Any CPU.ActiveCfg = Release|x86
		{BE9FD754-82B1-4ECD-B40D-F2480A05C528}.Release|Mixed Platforms.ActiveCfg = Release|x86
		{BE9FD754-82B1-4ECD-B40D-F2480A05C528}.Release|Mixed Platforms.Build.0 = Release|x86
		{BE9FD754-82B1-4ECD-B40D-F2480A05C528}.Release|x86.ActiveCfg = Release|x86
		{BE9FD754-82B1-4ECD-B40D-F2480A05C528}.Release|x86.Build.0 = Release|x86
		{00B085A3-8424-4BC5-8DE4-49E3C375453C}.Debug|Any CPU.ActiveCfg = Debug|Any CPU
		{00B085A3-8424-4BC5-8DE4-49E3C375453C}.Debug|Any CPU.Build.0 = Debug|Any CPU
		{00B085A3-8424-4BC5-8DE4-49E3C375453C}.Debug|Mixed Platforms.ActiveCfg = Debug|Any CPU
		{00B085A3-8424-4BC5-8DE4-49E3C375453C}.Debug|Mixed Platforms.Build.0 = Debug|Any CPU
		{00B085A3-8424-4BC5-8DE4-49E3C375453C}.Debug|x86.ActiveCfg = Debug|Any CPU
		{00B085A3-8424-4BC5-8DE4-49E3C375453C}.Release|Any CPU.ActiveCfg = Release|Any CPU
		{00B085A3-8424-4BC5-8DE4-49E3C375453C}.Release|Any CPU.Build.0 = Release|Any CPU
		{00B085A3-8424-4BC5-8DE4-49E3C375453C}.Release|Mixed Platforms.ActiveCfg = Release|Any CPU
		{00B085A3-8424-4BC5-8DE4-49E3C375453C}.Release|Mixed Platforms.Build.0 = Release|Any CPU
		{00B085A3-8424-4BC5-8DE4-49E3C375453C}.Release|x86.ActiveCfg = Release|Any CPU
	EndGlobalSection
	GlobalSection(SolutionProperties) = preSolution
		HideSolutionNode = FALSE
	EndGlobalSection
EndGlobal
